// !$*UTF8*$!
{
	archiveVersion = 1;
	classes = {
	};
	objectVersion = 46;
	objects = {

/* Begin PBXBuildFile section */
		1862C5BE1BB6EF17001E000B /* main.m in Sources */ = {isa = PBXBuildFile; fileRef = 1862C5BD1BB6EF17001E000B /* main.m */; };
		1862C5C11BB6EF17001E000B /* AppDelegate.m in Sources */ = {isa = PBXBuildFile; fileRef = 1862C5C01BB6EF17001E000B /* AppDelegate.m */; };
		1862C5C41BB6EF17001E000B /* ViewController.m in Sources */ = {isa = PBXBuildFile; fileRef = 1862C5C31BB6EF17001E000B /* ViewController.m */; };
		1862C5C71BB6EF17001E000B /* Main.storyboard in Resources */ = {isa = PBXBuildFile; fileRef = 1862C5C51BB6EF17001E000B /* Main.storyboard */; };
		1862C5C91BB6EF17001E000B /* Images.xcassets in Resources */ = {isa = PBXBuildFile; fileRef = 1862C5C81BB6EF17001E000B /* Images.xcassets */; };
		1862C5CC1BB6EF17001E000B /* LaunchScreen.xib in Resources */ = {isa = PBXBuildFile; fileRef = 1862C5CA1BB6EF17001E000B /* LaunchScreen.xib */; };
		1862C5D81BB6EF17001E000B /* ShGitSampleTests.m in Sources */ = {isa = PBXBuildFile; fileRef = 1862C5D71BB6EF17001E000B /* ShGitSampleTests.m */; };
/* End PBXBuildFile section */

/* Begin PBXContainerItemProxy section */
		1862C5D21BB6EF17001E000B /* PBXContainerItemProxy */ = {
			isa = PBXContainerItemProxy;
			containerPortal = 1862C5B01BB6EF16001E000B /* Project object */;
			proxyType = 1;
			remoteGlobalIDString = 1862C5B71BB6EF17001E000B;
			remoteInfo = ShGitSample;
		};
/* End PBXContainerItemProxy section */

/* Begin PBXFileReference section */
		1862C5B81BB6EF17001E000B /* ShGitSample.app */ = {isa = PBXFileReference; explicitFileType = wrapper.application; includeInIndex = 0; path = ShGitSample.app; sourceTree = BUILT_PRODUCTS_DIR; };
		1862C5BC1BB6EF17001E000B /* Info.plist */ = {isa = PBXFileReference; lastKnownFileType = text.plist.xml; path = Info.plist; sourceTree = "<group>"; };
		1862C5BD1BB6EF17001E000B /* main.m */ = {isa = PBXFileReference; lastKnownFileType = sourcecode.c.objc; path = main.m; sourceTree = "<group>"; };
		1862C5BF1BB6EF17001E000B /* AppDelegate.h */ = {isa = PBXFileReference; lastKnownFileType = sourcecode.c.h; path = AppDelegate.h; sourceTree = "<group>"; };
		1862C5C01BB6EF17001E000B /* AppDelegate.m */ = {isa = PBXFileReference; lastKnownFileType = sourcecode.c.objc; path = AppDelegate.m; sourceTree = "<group>"; };
		1862C5C21BB6EF17001E000B /* ViewController.h */ = {isa = PBXFileReference; lastKnownFileType = sourcecode.c.h; path = ViewController.h; sourceTree = "<group>"; };
		1862C5C31BB6EF17001E000B /* ViewController.m */ = {isa = PBXFileReference; lastKnownFileType = sourcecode.c.objc; path = ViewController.m; sourceTree = "<group>"; };
		1862C5C61BB6EF17001E000B /* Base */ = {isa = PBXFileReference; lastKnownFileType = file.storyboard; name = Base; path = Base.lproj/Main.storyboard; sourceTree = "<group>"; };
		1862C5C81BB6EF17001E000B /* Images.xcassets */ = {isa = PBXFileReference; lastKnownFileType = folder.assetcatalog; path = Images.xcassets; sourceTree = "<group>"; };
		1862C5CB1BB6EF17001E000B /* Base */ = {isa = PBXFileReference; lastKnownFileType = file.xib; name = Base; path = Base.lproj/LaunchScreen.xib; sourceTree = "<group>"; };
		1862C5D11BB6EF17001E000B /* ShGitSampleTests.xctest */ = {isa = PBXFileReference; explicitFileType = wrapper.cfbundle; includeInIndex = 0; path = ShGitSampleTests.xctest; sourceTree = BUILT_PRODUCTS_DIR; };
		1862C5D61BB6EF17001E000B /* Info.plist */ = {isa = PBXFileReference; lastKnownFileType = text.plist.xml; path = Info.plist; sourceTree = "<group>"; };
		1862C5D71BB6EF17001E000B /* ShGitSampleTests.m */ = {isa = PBXFileReference; lastKnownFileType = sourcecode.c.objc; path = ShGitSampleTests.m; sourceTree = "<group>"; };
/* End PBXFileReference section */

/* Begin PBXFrameworksBuildPhase section */
		1862C5B51BB6EF17001E000B /* Frameworks */ = {
			isa = PBXFrameworksBuildPhase;
			buildActionMask = 2147483647;
			files = (
			);
			runOnlyForDeploymentPostprocessing = 0;
		};
		1862C5CE1BB6EF17001E000B /* Frameworks */ = {
			isa = PBXFrameworksBuildPhase;
			buildActionMask = 2147483647;
			files = (
			);
			runOnlyForDeploymentPostprocessing = 0;
		};
/* End PBXFrameworksBuildPhase section */

/* Begin PBXGroup section */
		1862C5AF1BB6EF16001E000B = {
			isa = PBXGroup;
			children = (
				1862C5BA1BB6EF17001E000B /* ShGitSample */,
				1862C5D41BB6EF17001E000B /* ShGitSampleTests */,
				1862C5B91BB6EF17001E000B /* Products */,
			);
			sourceTree = "<group>";
		};
		1862C5B91BB6EF17001E000B /* Products */ = {
			isa = PBXGroup;
			children = (
				1862C5B81BB6EF17001E000B /* ShGitSample.app */,
				1862C5D11BB6EF17001E000B /* ShGitSampleTests.xctest */,
			);
			name = Products;
			sourceTree = "<group>";
		};
		1862C5BA1BB6EF17001E000B /* ShGitSample */ = {
			isa = PBXGroup;
			children = (
				1862C5BF1BB6EF17001E000B /* AppDelegate.h */,
				1862C5C01BB6EF17001E000B /* AppDelegate.m */,
				1862C5C21BB6EF17001E000B /* ViewController.h */,
				1862C5C31BB6EF17001E000B /* ViewController.m */,
				1862C5C51BB6EF17001E000B /* Main.storyboard */,
				1862C5C81BB6EF17001E000B /* Images.xcassets */,
				1862C5CA1BB6EF17001E000B /* LaunchScreen.xib */,
				1862C5BB1BB6EF17001E000B /* Supporting Files */,
			);
			path = ShGitSample;
			sourceTree = "<group>";
		};
		1862C5BB1BB6EF17001E000B /* Supporting Files */ = {
			isa = PBXGroup;
			children = (
				1862C5BC1BB6EF17001E000B /* Info.plist */,
				1862C5BD1BB6EF17001E000B /* main.m */,
			);
			name = "Supporting Files";
			sourceTree = "<group>";
		};
		1862C5D41BB6EF17001E000B /* ShGitSampleTests */ = {
			isa = PBXGroup;
			children = (
				1862C5D71BB6EF17001E000B /* ShGitSampleTests.m */,
				1862C5D51BB6EF17001E000B /* Supporting Files */,
			);
			path = ShGitSampleTests;
			sourceTree = "<group>";
		};
		1862C5D51BB6EF17001E000B /* Supporting Files */ = {
			isa = PBXGroup;
			children = (
				1862C5D61BB6EF17001E000B /* Info.plist */,
			);
			name = "Supporting Files";
			sourceTree = "<group>";
		};
/* End PBXGroup section */

/* Begin PBXNativeTarget section */
		1862C5B71BB6EF17001E000B /* ShGitSample */ = {
			isa = PBXNativeTarget;
			buildConfigurationList = 1862C5DB1BB6EF17001E000B /* Build configuration list for PBXNativeTarget "ShGitSample" */;
			buildPhases = (
				1862C5B41BB6EF17001E000B /* Sources */,
				1862C5B51BB6EF17001E000B /* Frameworks */,
				1862C5B61BB6EF17001E000B /* Resources */,
			);
			buildRules = (
			);
			dependencies = (
			);
			name = ShGitSample;
			productName = ShGitSample;
			productReference = 1862C5B81BB6EF17001E000B /* ShGitSample.app */;
			productType = "com.apple.product-type.application";
		};
		1862C5D01BB6EF17001E000B /* ShGitSampleTests */ = {
			isa = PBXNativeTarget;
			buildConfigurationList = 1862C5DE1BB6EF17001E000B /* Build configuration list for PBXNativeTarget "ShGitSampleTests" */;
			buildPhases = (
				1862C5CD1BB6EF17001E000B /* Sources */,
				1862C5CE1BB6EF17001E000B /* Frameworks */,
				1862C5CF1BB6EF17001E000B /* Resources */,
			);
			buildRules = (
			);
			dependencies = (
				1862C5D31BB6EF17001E000B /* PBXTargetDependency */,
			);
			name = ShGitSampleTests;
			productName = ShGitSampleTests;
			productReference = 1862C5D11BB6EF17001E000B /* ShGitSampleTests.xctest */;
			productType = "com.apple.product-type.bundle.unit-test";
		};
/* End PBXNativeTarget section */

/* Begin PBXProject section */
		1862C5B01BB6EF16001E000B /* Project object */ = {
			isa = PBXProject;
			attributes = {
				LastUpgradeCheck = 0610;
				ORGANIZATIONNAME = SHENLL;
				TargetAttributes = {
					1862C5B71BB6EF17001E000B = {
						CreatedOnToolsVersion = 6.1;
					};
					1862C5D01BB6EF17001E000B = {
						CreatedOnToolsVersion = 6.1;
						TestTargetID = 1862C5B71BB6EF17001E000B;
					};
				};
			};
			buildConfigurationList = 1862C5B31BB6EF16001E000B /* Build configuration list for PBXProject "ShGitSample" */;
			compatibilityVersion = "Xcode 3.2";
			developmentRegion = English;
			hasScannedForEncodings = 0;
			knownRegions = (
				en,
				Base,
			);
			mainGroup = 1862C5AF1BB6EF16001E000B;
			productRefGroup = 1862C5B91BB6EF17001E000B /* Products */;
			projectDirPath = "";
			projectRoot = "";
			targets = (
				1862C5B71BB6EF17001E000B /* ShGitSample */,
				1862C5D01BB6EF17001E000B /* ShGitSampleTests */,
			);
		};
/* End PBXProject section */

/* Begin PBXResourcesBuildPhase section */
		1862C5B61BB6EF17001E000B /* Resources */ = {
			isa = PBXResourcesBuildPhase;
			buildActionMask = 2147483647;
			files = (
				1862C5C71BB6EF17001E000B /* Main.storyboard in Resources */,
				1862C5CC1BB6EF17001E000B /* LaunchScreen.xib in Resources */,
				1862C5C91BB6EF17001E000B /* Images.xcassets in Resources */,
			);
			runOnlyForDeploymentPostprocessing = 0;
		};
		1862C5CF1BB6EF17001E000B /* Resources */ = {
			isa = PBXResourcesBuildPhase;
			buildActionMask = 2147483647;
			files = (
			);
			runOnlyForDeploymentPostprocessing = 0;
		};
/* End PBXResourcesBuildPhase section */

/* Begin PBXSourcesBuildPhase section */
		1862C5B41BB6EF17001E000B /* Sources */ = {
			isa = PBXSourcesBuildPhase;
			buildActionMask = 2147483647;
			files = (
				1862C5C41BB6EF17001E000B /* ViewController.m in Sources */,
				1862C5C11BB6EF17001E000B /* AppDelegate.m in Sources */,
				1862C5BE1BB6EF17001E000B /* main.m in Sources */,
			);
			runOnlyForDeploymentPostprocessing = 0;
		};
		1862C5CD1BB6EF17001E000B /* Sources */ = {
			isa = PBXSourcesBuildPhase;
			buildActionMask = 2147483647;
			files = (
				1862C5D81BB6EF17001E000B /* ShGitSampleTests.m in Sources */,
			);
			runOnlyForDeploymentPostprocessing = 0;
		};
/* End PBXSourcesBuildPhase section */

/* Begin PBXTargetDependency section */
		1862C5D31BB6EF17001E000B /* PBXTargetDependency */ = {
			isa = PBXTargetDependency;
			target = 1862C5B71BB6EF17001E000B /* ShGitSample */;
			targetProxy = 1862C5D21BB6EF17001E000B /* PBXContainerItemProxy */;
		};
/* End PBXTargetDependency section */

/* Begin PBXVariantGroup section */
		1862C5C51BB6EF17001E000B /* Main.storyboard */ = {
			isa = PBXVariantGroup;
			children = (
				1862C5C61BB6EF17001E000B /* Base */,
			);
			name = Main.storyboard;
			sourceTree = "<group>";
		};
		1862C5CA1BB6EF17001E000B /* LaunchScreen.xib */ = {
			isa = PBXVariantGroup;
			children = (
				1862C5CB1BB6EF17001E000B /* Base */,
			);
			name = LaunchScreen.xib;
			sourceTree = "<group>";
		};
/* End PBXVariantGroup section */

/* Begin XCBuildConfiguration section */
		1862C5D91BB6EF17001E000B /* Debug */ = {
			isa = XCBuildConfiguration;
			buildSettings = {
				ALWAYS_SEARCH_USER_PATHS = NO;
				CLANG_CXX_LANGUAGE_STANDARD = "gnu++0x";
				CLANG_CXX_LIBRARY = "libc++";
				CLANG_ENABLE_MODULES = YES;
				CLANG_ENABLE_OBJC_ARC = YES;
				CLANG_WARN_BOOL_CONVERSION = YES;
				CLANG_WARN_CONSTANT_CONVERSION = YES;
				CLANG_WARN_DIRECT_OBJC_ISA_USAGE = YES_ERROR;
				CLANG_WARN_EMPTY_BODY = YES;
				CLANG_WARN_ENUM_CONVERSION = YES;
				CLANG_WARN_INT_CONVERSION = YES;
				CLANG_WARN_OBJC_ROOT_CLASS = YES_ERROR;
				CLANG_WARN_UNREACHABLE_CODE = YES;
				CLANG_WARN__DUPLICATE_METHOD_MATCH = YES;
				"CODE_SIGN_IDENTITY[sdk=iphoneos*]" = "iPhone Developer";
				COPY_PHASE_STRIP = NO;
				ENABLE_STRICT_OBJC_MSGSEND = YES;
				GCC_C_LANGUAGE_STANDARD = gnu99;
				GCC_DYNAMIC_NO_PIC = NO;
				GCC_OPTIMIZATION_LEVEL = 0;
				GCC_PREPROCESSOR_DEFINITIONS = (
					"DEBUG=1",
					"$(inherited)",
				);
				GCC_SYMBOLS_PRIVATE_EXTERN = NO;
				GCC_WARN_64_TO_32_BIT_CONVERSION = YES;
				GCC_WARN_ABOUT_RETURN_TYPE = YES_ERROR;
				GCC_WARN_UNDECLARED_SELECTOR = YES;
				GCC_WARN_UNINITIALIZED_AUTOS = YES_AGGRESSIVE;
				GCC_WARN_UNUSED_FUNCTION = YES;
				GCC_WARN_UNUSED_VARIABLE = YES;
				IPHONEOS_DEPLOYMENT_TARGET = 8.1;
				MTL_ENABLE_DEBUG_INFO = YES;
				ONLY_ACTIVE_ARCH = YES;
				SDKROOT = iphoneos;
				TARGETED_DEVICE_FAMILY = "1,2";
			};
			name = Debug;
		};
		1862C5DA1BB6EF17001E000B /* Release */ = {
			isa = XCBuildConfiguration;
			buildSettings = {
				ALWAYS_SEARCH_USER_PATHS = NO;
				CLANG_CXX_LANGUAGE_STANDARD = "gnu++0x";
				CLANG_CXX_LIBRARY = "libc++";
				CLANG_ENABLE_MODULES = YES;
				CLANG_ENABLE_OBJC_ARC = YES;
				CLANG_WARN_BOOL_CONVERSION = YES;
				CLANG_WARN_CONSTANT_CONVERSION = YES;
				CLANG_WARN_DIRECT_OBJC_ISA_USAGE = YES_ERROR;
				CLANG_WARN_EMPTY_BODY = YES;
				CLANG_WARN_ENUM_CONVERSION = YES;
				CLANG_WARN_INT_CONVERSION = YES;
				CLANG_WARN_OBJC_ROOT_CLASS = YES_ERROR;
				CLANG_WARN_UNREACHABLE_CODE = YES;
				CLANG_WARN__DUPLICATE_METHOD_MATCH = YES;
				"CODE_SIGN_IDENTITY[sdk=iphoneos*]" = "iPhone Developer";
				COPY_PHASE_STRIP = YES;
				ENABLE_NS_ASSERTIONS = NO;
				ENABLE_STRICT_OBJC_MSGSEND = YES;
				GCC_C_LANGUAGE_STANDARD = gnu99;
				GCC_WARN_64_TO_32_BIT_CONVERSION = YES;
				GCC_WARN_ABOUT_RETURN_TYPE = YES_ERROR;
				GCC_WARN_UNDECLARED_SELECTOR = YES;
				GCC_WARN_UNINITIALIZED_AUTOS = YES_AGGRESSIVE;
				GCC_WARN_UNUSED_FUNCTION = YES;
				GCC_WARN_UNUSED_VARIABLE = YES;
				IPHONEOS_DEPLOYMENT_TARGET = 8.1;
				MTL_ENABLE_DEBUG_INFO = NO;
				SDKROOT = iphoneos;
				TARGETED_DEVICE_FAMILY = "1,2";
				VALIDATE_PRODUCT = YES;
			};
			name = Release;
		};
		1862C5DC1BB6EF17001E000B /* Debug */ = {
			isa = XCBuildConfiguration;
			buildSettings = {
				ASSETCATALOG_COMPILER_APPICON_NAME = AppIcon;
				INFOPLIST_FILE = ShGitSample/Info.plist;
				LD_RUNPATH_SEARCH_PATHS = "$(inherited) @executable_path/Frameworks";
				PRODUCT_NAME = "$(TARGET_NAME)";
			};
			name = Debug;
		};
		1862C5DD1BB6EF17001E000B /* Release */ = {
			isa = XCBuildConfiguration;
			buildSettings = {
				ASSETCATALOG_COMPILER_APPICON_NAME = AppIcon;
				INFOPLIST_FILE = ShGitSample/Info.plist;
				LD_RUNPATH_SEARCH_PATHS = "$(inherited) @executable_path/Frameworks";
				PRODUCT_NAME = "$(TARGET_NAME)";
			};
			name = Release;
		};
		1862C5DF1BB6EF17001E000B /* Debug */ = {
			isa = XCBuildConfiguration;
			buildSettings = {
				BUNDLE_LOADER = "$(TEST_HOST)";
				FRAMEWORK_SEARCH_PATHS = (
					"$(SDKROOT)/Developer/Library/Frameworks",
					"$(inherited)",
				);
				GCC_PREPROCESSOR_DEFINITIONS = (
					"DEBUG=1",
					"$(inherited)",
				);
				INFOPLIST_FILE = ShGitSampleTests/Info.plist;
				LD_RUNPATH_SEARCH_PATHS = "$(inherited) @executable_path/Frameworks @loader_path/Frameworks";
				PRODUCT_NAME = "$(TARGET_NAME)";
				TEST_HOST = "$(BUILT_PRODUCTS_DIR)/ShGitSample.app/ShGitSample";
			};
			name = Debug;
		};
		1862C5E01BB6EF17001E000B /* Release */ = {
			isa = XCBuildConfiguration;
			buildSettings = {
				BUNDLE_LOADER = "$(TEST_HOST)";
				FRAMEWORK_SEARCH_PATHS = (
					"$(SDKROOT)/Developer/Library/Frameworks",
					"$(inherited)",
				);
				INFOPLIST_FILE = ShGitSampleTests/Info.plist;
				LD_RUNPATH_SEARCH_PATHS = "$(inherited) @executable_path/Frameworks @loader_path/Frameworks";
				PRODUCT_NAME = "$(TARGET_NAME)";
				TEST_HOST = "$(BUILT_PRODUCTS_DIR)/ShGitSample.app/ShGitSample";
			};
			name = Release;
		};
/* End XCBuildConfiguration section */

/* Begin XCConfigurationList section */
		1862C5B31BB6EF16001E000B /* Build configuration list for PBXProject "ShGitSample" */ = {
			isa = XCConfigurationList;
			buildConfigurations = (
				1862C5D91BB6EF17001E000B /* Debug */,
				1862C5DA1BB6EF17001E000B /* Release */,
			);
			defaultConfigurationIsVisible = 0;
			defaultConfigurationName = Release;
		};
		1862C5DB1BB6EF17001E000B /* Build configuration list for PBXNativeTarget "ShGitSample" */ = {
			isa = XCConfigurationList;
			buildConfigurations = (
				1862C5DC1BB6EF17001E000B /* Debug */,
				1862C5DD1BB6EF17001E000B /* Release */,
			);
			defaultConfigurationIsVisible = 0;
		};
		1862C5DE1BB6EF17001E000B /* Build configuration list for PBXNativeTarget "ShGitSampleTests" */ = {
			isa = XCConfigurationList;
			buildConfigurations = (
				1862C5DF1BB6EF17001E000B /* Debug */,
				1862C5E01BB6EF17001E000B /* Release */,
			);
			defaultConfigurationIsVisible = 0;
		};
/* End XCConfigurationList section */
	};
	rootObject = 1862C5B01BB6EF16001E000B /* Project object */;
}
